
Microsoft Visual Studio Solution File, Format Version 12.00
# Visual Studio Version 17
VisualStudioVersion = 17.6.33723.286
MinimumVisualStudioVersion = 10.0.40219.1
Project("{FAE04EC0-301F-11D3-BF4B-00C04F79EFBC}") = "FoodDelivery", "FoodDelivery\FoodDelivery.csproj", "{B561ABDF-A6E9-4AB5-A466-49477963193C}"
EndProject
Global
	GlobalSection(SolutionConfigurationPlatforms) = preSolution
		Debug|Any CPU = Debug|Any CPU
		Release|Any CPU = Release|Any CPU
	EndGlobalSection
	GlobalSection(ProjectConfigurationPlatforms) = postSolution
		{B561ABDF-A6E9-4AB5-A466-49477963193C}.Debug|Any CPU.ActiveCfg = Debug|Any CPU
		{B561ABDF-A6E9-4AB5-A466-49477963193C}.Debug|Any CPU.Build.0 = Debug|Any CPU
		{B561ABDF-A6E9-4AB5-A466-49477963193C}.Release|Any CPU.ActiveCfg = Release|Any CPU
		{B561ABDF-A6E9-4AB5-A466-49477963193C}.Release|Any CPU.Build.0 = Release|Any CPU
	EndGlobalSection
	GlobalSection(SolutionProperties) = preSolution
		HideSolutionNode = FALSE
	EndGlobalSection
	GlobalSection(ExtensibilityGlobals) = postSolution
		SolutionGuid = {A553D06D-E6A6-4568-BA3F-A024A1F22D3A}
	EndGlobalSection
EndGlobal
